
Microsoft Visual Studio Solution File, Format Version 12.00
# Visual Studio Version 16
VisualStudioVersion = 16.0.28803.202
MinimumVisualStudioVersion = 10.0.40219.1
Project("{FAE04EC0-301F-11D3-BF4B-00C04F79EFBC}") = "Crypter", "Crypter\Crypter.csproj", "{CE154058-3879-4E23-A96B-7764841E24A0}"
EndProject
Project("{FAE04EC0-301F-11D3-BF4B-00C04F79EFBC}") = "Crypter.Testing", "Crypter.Testing\Crypter.Testing.csproj", "{23EACF64-E1C0-4CC7-A04C-681E9AA379E9}"
EndProject
Global
	GlobalSection(SolutionConfigurationPlatforms) = preSolution
		Debug|Any CPU = Debug|Any CPU
		Release|Any CPU = Release|Any CPU
	EndGlobalSection
	GlobalSection(ProjectConfigurationPlatforms) = postSolution
		{CE154058-3879-4E23-A96B-7764841E24A0}.Debug|Any CPU.ActiveCfg = Debug|Any CPU
		{CE154058-3879-4E23-A96B-7764841E24A0}.Debug|Any CPU.Build.0 = Debug|Any CPU
		{CE154058-3879-4E23-A96B-7764841E24A0}.Release|Any CPU.ActiveCfg = Release|Any CPU
		{CE154058-3879-4E23-A96B-7764841E24A0}.Release|Any CPU.Build.0 = Release|Any CPU
		{23EACF64-E1C0-4CC7-A04C-681E9AA379E9}.Debug|Any CPU.ActiveCfg = Debug|Any CPU
		{23EACF64-E1C0-4CC7-A04C-681E9AA379E9}.Debug|Any CPU.Build.0 = Debug|Any CPU
		{23EACF64-E1C0-4CC7-A04C-681E9AA379E9}.Release|Any CPU.ActiveCfg = Release|Any CPU
		{23EACF64-E1C0-4CC7-A04C-681E9AA379E9}.Release|Any CPU.Build.0 = Release|Any CPU
	EndGlobalSection
	GlobalSection(SolutionProperties) = preSolution
		HideSolutionNode = FALSE
	EndGlobalSection
	GlobalSection(ExtensibilityGlobals) = postSolution
		SolutionGuid = {49EA1C67-9AB7-4982-A26E-29B8919837C5}
	EndGlobalSection
EndGlobal
